
Microsoft Visual Studio Solution File, Format Version 12.00
# Visual Studio 2012
Project("{FAE04EC0-301F-11D3-BF4B-00C04F79EFBC}") = "TypingGame", "TypingGame\TypingGame.csproj", "{33B7B4B4-7920-448A-9007-82E001F4129F}"
EndProject
Global
	GlobalSection(SolutionConfigurationPlatforms) = preSolution
		Debug|Any CPU = Debug|Any CPU
		Release|Any CPU = Release|Any CPU
	EndGlobalSection
	GlobalSection(ProjectConfigurationPlatforms) = postSolution
		{33B7B4B4-7920-448A-9007-82E001F4129F}.Debug|Any CPU.ActiveCfg = Debug|Any CPU
		{33B7B4B4-7920-448A-9007-82E001F4129F}.Debug|Any CPU.Build.0 = Debug|Any CPU
		{33B7B4B4-7920-448A-9007-82E001F4129F}.Release|Any CPU.ActiveCfg = Release|Any CPU
		{33B7B4B4-7920-448A-9007-82E001F4129F}.Release|Any CPU.Build.0 = Release|Any CPU
	EndGlobalSection
	GlobalSection(SolutionProperties) = preSolution
		HideSolutionNode = FALSE
	EndGlobalSection
EndGlobal
